// !$*UTF8*$!
{
	archiveVersion = 1;
	classes = {
	};
	objectVersion = 50;
	objects = {

/* Begin PBXBuildFile section */
		08737B7B20B7B03600325F24 /* TableViewController.swift in Sources */ = {isa = PBXBuildFile; fileRef = 08737B7A20B7B03600325F24 /* TableViewController.swift */; };
		08AEEA4F20B7AFAD00008006 /* AppDelegate.swift in Sources */ = {isa = PBXBuildFile; fileRef = 08AEEA4E20B7AFAD00008006 /* AppDelegate.swift */; };
		08AEEA5420B7AFAD00008006 /* Main.storyboard in Resources */ = {isa = PBXBuildFile; fileRef = 08AEEA5220B7AFAD00008006 /* Main.storyboard */; };
		08AEEA5620B7AFAF00008006 /* Assets.xcassets in Resources */ = {isa = PBXBuildFile; fileRef = 08AEEA5520B7AFAF00008006 /* Assets.xcassets */; };
		08AEEA5920B7AFAF00008006 /* LaunchScreen.storyboard in Resources */ = {isa = PBXBuildFile; fileRef = 08AEEA5720B7AFAF00008006 /* LaunchScreen.storyboard */; };
/* End PBXBuildFile section */

/* Begin PBXFileReference section */
		08737B7A20B7B03600325F24 /* TableViewController.swift */ = {isa = PBXFileReference; lastKnownFileType = sourcecode.swift; path = TableViewController.swift; sourceTree = "<group>"; };
		08AEEA4B20B7AFAD00008006 /* Drop-down Cells.app */ = {isa = PBXFileReference; explicitFileType = wrapper.application; includeInIndex = 0; path = "Drop-down Cells.app"; sourceTree = BUILT_PRODUCTS_DIR; };
		08AEEA4E20B7AFAD00008006 /* AppDelegate.swift */ = {isa = PBXFileReference; lastKnownFileType = sourcecode.swift; path = AppDelegate.swift; sourceTree = "<group>"; };
		08AEEA5320B7AFAD00008006 /* Base */ = {isa = PBXFileReference; lastKnownFileType = file.storyboard; name = Base; path = Base.lproj/Main.storyboard; sourceTree = "<group>"; };
		08AEEA5520B7AFAF00008006 /* Assets.xcassets */ = {isa = PBXFileReference; lastKnownFileType = folder.assetcatalog; path = Assets.xcassets; sourceTree = "<group>"; };
		08AEEA5820B7AFAF00008006 /* Base */ = {isa = PBXFileReference; lastKnownFileType = file.storyboard; name = Base; path = Base.lproj/LaunchScreen.storyboard; sourceTree = "<group>"; };
		08AEEA5A20B7AFAF00008006 /* Info.plist */ = {isa = PBXFileReference; lastKnownFileType = text.plist.xml; path = Info.plist; sourceTree = "<group>"; };
/* End PBXFileReference section */

/* Begin PBXFrameworksBuildPhase section */
		08AEEA4820B7AFAD00008006 /* Frameworks */ = {
			isa = PBXFrameworksBuildPhase;
			buildActionMask = 2147483647;
			files = (
			);
			runOnlyForDeploymentPostprocessing = 0;
		};
/* End PBXFrameworksBuildPhase section */

/* Begin PBXGroup section */
		08AEEA4220B7AFAD00008006 = {
			isa = PBXGroup;
			children = (
				08AEEA4D20B7AFAD00008006 /* Drop-down Cells */,
				08AEEA4C20B7AFAD00008006 /* Products */,
			);
			sourceTree = "<group>";
		};
		08AEEA4C20B7AFAD00008006 /* Products */ = {
			isa = PBXGroup;
			children = (
				08AEEA4B20B7AFAD00008006 /* Drop-down Cells.app */,
			);
			name = Products;
			sourceTree = "<group>";
		};
		08AEEA4D20B7AFAD00008006 /* Drop-down Cells */ = {
			isa = PBXGroup;
			children = (
				08AEEA6020B7AFC200008006 /* Sources */,
				08AEEA6120B7AFC900008006 /* View Controllers */,
				08AEEA6320B7AFDE00008006 /* Storyboards */,
				08AEEA6220B7AFD300008006 /* Resources */,
			);
			path = "Drop-down Cells";
			sourceTree = "<group>";
		};
		08AEEA6020B7AFC200008006 /* Sources */ = {
			isa = PBXGroup;
			children = (
				08AEEA4E20B7AFAD00008006 /* AppDelegate.swift */,
			);
			path = Sources;
			sourceTree = "<group>";
		};
		08AEEA6120B7AFC900008006 /* View Controllers */ = {
			isa = PBXGroup;
			children = (
				08737B7A20B7B03600325F24 /* TableViewController.swift */,
			);
			path = "View Controllers";
			sourceTree = "<group>";
		};
		08AEEA6220B7AFD300008006 /* Resources */ = {
			isa = PBXGroup;
			children = (
				08AEEA5520B7AFAF00008006 /* Assets.xcassets */,
				08AEEA5A20B7AFAF00008006 /* Info.plist */,
			);
			path = Resources;
			sourceTree = "<group>";
		};
		08AEEA6320B7AFDE00008006 /* Storyboards */ = {
			isa = PBXGroup;
			children = (
				08AEEA5220B7AFAD00008006 /* Main.storyboard */,
				08AEEA5720B7AFAF00008006 /* LaunchScreen.storyboard */,
			);
			path = Storyboards;
			sourceTree = "<group>";
		};
/* End PBXGroup section */

/* Begin PBXNativeTarget section */
		08AEEA4A20B7AFAD00008006 /* Drop-down Cells */ = {
			isa = PBXNativeTarget;
			buildConfigurationList = 08AEEA5D20B7AFAF00008006 /* Build configuration list for PBXNativeTarget "Drop-down Cells" */;
			buildPhases = (
				08AEEA4720B7AFAD00008006 /* Sources */,
				08AEEA4820B7AFAD00008006 /* Frameworks */,
				08AEEA4920B7AFAD00008006 /* Resources */,
			);
			buildRules = (
			);
			dependencies = (
			);
			name = "Drop-down Cells";
			productName = "Drop-down Cells";
			productReference = 08AEEA4B20B7AFAD00008006 /* Drop-down Cells.app */;
			productType = "com.apple.product-type.application";
		};
/* End PBXNativeTarget section */

/* Begin PBXProject section */
		08AEEA4320B7AFAD00008006 /* Project object */ = {
			isa = PBXProject;
			attributes = {
				LastSwiftUpdateCheck = 0930;
				LastUpgradeCheck = 0930;
				ORGANIZATIONNAME = "Top Code";
				TargetAttributes = {
					08AEEA4A20B7AFAD00008006 = {
						CreatedOnToolsVersion = 9.3;
					};
				};
			};
			buildConfigurationList = 08AEEA4620B7AFAD00008006 /* Build configuration list for PBXProject "Drop-down Cells" */;
			compatibilityVersion = "Xcode 9.3";
			developmentRegion = en;
			hasScannedForEncodings = 0;
			knownRegions = (
				en,
				Base,
			);
			mainGroup = 08AEEA4220B7AFAD00008006;
			productRefGroup = 08AEEA4C20B7AFAD00008006 /* Products */;
			projectDirPath = "";
			projectRoot = "";
			targets = (
				08AEEA4A20B7AFAD00008006 /* Drop-down Cells */,
			);
		};
/* End PBXProject section */

/* Begin PBXResourcesBuildPhase section */
		08AEEA4920B7AFAD00008006 /* Resources */ = {
			isa = PBXResourcesBuildPhase;
			buildActionMask = 2147483647;
			files = (
				08AEEA5920B7AFAF00008006 /* LaunchScreen.storyboard in Resources */,
				08AEEA5620B7AFAF00008006 /* Assets.xcassets in Resources */,
				08AEEA5420B7AFAD00008006 /* Main.storyboard in Resources */,
			);
			runOnlyForDeploymentPostprocessing = 0;
		};
/* End PBXResourcesBuildPhase section */

/* Begin PBXSourcesBuildPhase section */
		08AEEA4720B7AFAD00008006 /* Sources */ = {
			isa = PBXSourcesBuildPhase;
			buildActionMask = 2147483647;
			files = (
				08AEEA4F20B7AFAD00008006 /* AppDelegate.swift in Sources */,
				08737B7B20B7B03600325F24 /* TableViewController.swift in Sources */,
			);
			runOnlyForDeploymentPostprocessing = 0;
		};
/* End PBXSourcesBuildPhase section */

/* Begin PBXVariantGroup section */
		08AEEA5220B7AFAD00008006 /* Main.storyboard */ = {
			isa = PBXVariantGroup;
			children = (
				08AEEA5320B7AFAD00008006 /* Base */,
			);
			name = Main.storyboard;
			sourceTree = "<group>";
		};
		08AEEA5720B7AFAF00008006 /* LaunchScreen.storyboard */ = {
			isa = PBXVariantGroup;
			children = (
				08AEEA5820B7AFAF00008006 /* Base */,
			);
			name = LaunchScreen.storyboard;
			sourceTree = "<group>";
		};
/* End PBXVariantGroup section */

/* Begin XCBuildConfiguration section */
		08AEEA5B20B7AFAF00008006 /* Debug */ = {
			isa = XCBuildConfiguration;
			buildSettings = {
				ALWAYS_SEARCH_USER_PATHS = NO;
				CLANG_ANALYZER_NONNULL = YES;
				CLANG_ANALYZER_NUMBER_OBJECT_CONVERSION = YES_AGGRESSIVE;
				CLANG_CXX_LANGUAGE_STANDARD = "gnu++14";
				CLANG_CXX_LIBRARY = "libc++";
				CLANG_ENABLE_MODULES = YES;
				CLANG_ENABLE_OBJC_ARC = YES;
				CLANG_ENABLE_OBJC_WEAK = YES;
				CLANG_WARN_BLOCK_CAPTURE_AUTORELEASING = YES;
				CLANG_WARN_BOOL_CONVERSION = YES;
				CLANG_WARN_COMMA = YES;
				CLANG_WARN_CONSTANT_CONVERSION = YES;
				CLANG_WARN_DEPRECATED_OBJC_IMPLEMENTATIONS = YES;
				CLANG_WARN_DIRECT_OBJC_ISA_USAGE = YES_ERROR;
				CLANG_WARN_DOCUMENTATION_COMMENTS = YES;
				CLANG_WARN_EMPTY_BODY = YES;
				CLANG_WARN_ENUM_CONVERSION = YES;
				CLANG_WARN_INFINITE_RECURSION = YES;
				CLANG_WARN_INT_CONVERSION = YES;
				CLANG_WARN_NON_LITERAL_NULL_CONVERSION = YES;
				CLANG_WARN_OBJC_IMPLICIT_RETAIN_SELF = YES;
				CLANG_WARN_OBJC_LITERAL_CONVERSION = YES;
				CLANG_WARN_OBJC_ROOT_CLASS = YES_ERROR;
				CLANG_WARN_RANGE_LOOP_ANALYSIS = YES;
				CLANG_WARN_STRICT_PROTOTYPES = YES;
				CLANG_WARN_SUSPICIOUS_MOVE = YES;
				CLANG_WARN_UNGUARDED_AVAILABILITY = YES_AGGRESSIVE;
				CLANG_WARN_UNREACHABLE_CODE = YES;
				CLANG_WARN__DUPLICATE_METHOD_MATCH = YES;
				CODE_SIGN_IDENTITY = "iPhone Developer";
				COPY_PHASE_STRIP = NO;
				DEBUG_INFORMATION_FORMAT = dwarf;
				ENABLE_STRICT_OBJC_MSGSEND = YES;
				ENABLE_TESTABILITY = YES;
				GCC_C_LANGUAGE_STANDARD = gnu11;
				GCC_DYNAMIC_NO_PIC = NO;
				GCC_NO_COMMON_BLOCKS = YES;
				GCC_OPTIMIZATION_LEVEL = 0;
				GCC_PREPROCESSOR_DEFINITIONS = (
					"DEBUG=1",
					"$(inherited)",
				);
				GCC_WARN_64_TO_32_BIT_CONVERSION = YES;
				GCC_WARN_ABOUT_RETURN_TYPE = YES_ERROR;
				GCC_WARN_UNDECLARED_SELECTOR = YES;
				GCC_WARN_UNINITIALIZED_AUTOS = YES_AGGRESSIVE;
				GCC_WARN_UNUSED_FUNCTION = YES;
				GCC_WARN_UNUSED_VARIABLE = YES;
				IPHONEOS_DEPLOYMENT_TARGET = 11.3;
				MTL_ENABLE_DEBUG_INFO = YES;
				ONLY_ACTIVE_ARCH = YES;
				SDKROOT = iphoneos;
				SWIFT_ACTIVE_COMPILATION_CONDITIONS = DEBUG;
				SWIFT_OPTIMIZATION_LEVEL = "-Onone";
			};
			name = Debug;
		};
		08AEEA5C20B7AFAF00008006 /* Release */ = {
			isa = XCBuildConfiguration;
			buildSettings = {
				ALWAYS_SEARCH_USER_PATHS = NO;
				CLANG_ANALYZER_NONNULL = YES;
				CLANG_ANALYZER_NUMBER_OBJECT_CONVERSION = YES_AGGRESSIVE;
				CLANG_CXX_LANGUAGE_STANDARD = "gnu++14";
				CLANG_CXX_LIBRARY = "libc++";
				CLANG_ENABLE_MODULES = YES;
				CLANG_ENABLE_OBJC_ARC = YES;
				CLANG_ENABLE_OBJC_WEAK = YES;
				CLANG_WARN_BLOCK_CAPTURE_AUTORELEASING = YES;
				CLANG_WARN_BOOL_CONVERSION = YES;
				CLANG_WARN_COMMA = YES;
				CLANG_WARN_CONSTANT_CONVERSION = YES;
				CLANG_WARN_DEPRECATED_OBJC_IMPLEMENTATIONS = YES;
				CLANG_WARN_DIRECT_OBJC_ISA_USAGE = YES_ERROR;
				CLANG_WARN_DOCUMENTATION_COMMENTS = YES;
				CLANG_WARN_EMPTY_BODY = YES;
				CLANG_WARN_ENUM_CONVERSION = YES;
				CLANG_WARN_INFINITE_RECURSION = YES;
				CLANG_WARN_INT_CONVERSION = YES;
				CLANG_WARN_NON_LITERAL_NULL_CONVERSION = YES;
				CLANG_WARN_OBJC_IMPLICIT_RETAIN_SELF = YES;
				CLANG_WARN_OBJC_LITERAL_CONVERSION = YES;
				CLANG_WARN_OBJC_ROOT_CLASS = YES_ERROR;
				CLANG_WARN_RANGE_LOOP_ANALYSIS = YES;
				CLANG_WARN_STRICT_PROTOTYPES = YES;
				CLANG_WARN_SUSPICIOUS_MOVE = YES;
				CLANG_WARN_UNGUARDED_AVAILABILITY = YES_AGGRESSIVE;
				CLANG_WARN_UNREACHABLE_CODE = YES;
				CLANG_WARN__DUPLICATE_METHOD_MATCH = YES;
				CODE_SIGN_IDENTITY = "iPhone Developer";
				COPY_PHASE_STRIP = NO;
				DEBUG_INFORMATION_FORMAT = "dwarf-with-dsym";
				ENABLE_NS_ASSERTIONS = NO;
				ENABLE_STRICT_OBJC_MSGSEND = YES;
				GCC_C_LANGUAGE_STANDARD = gnu11;
				GCC_NO_COMMON_BLOCKS = YES;
				GCC_WARN_64_TO_32_BIT_CONVERSION = YES;
				GCC_WARN_ABOUT_RETURN_TYPE = YES_ERROR;
				GCC_WARN_UNDECLARED_SELECTOR = YES;
				GCC_WARN_UNINITIALIZED_AUTOS = YES_AGGRESSIVE;
				GCC_WARN_UNUSED_FUNCTION = YES;
				GCC_WARN_UNUSED_VARIABLE = YES;
				IPHONEOS_DEPLOYMENT_TARGET = 11.3;
				MTL_ENABLE_DEBUG_INFO = NO;
				SDKROOT = iphoneos;
				SWIFT_COMPILATION_MODE = wholemodule;
				SWIFT_OPTIMIZATION_LEVEL = "-O";
				VALIDATE_PRODUCT = YES;
			};
			name = Release;
		};
		08AEEA5E20B7AFAF00008006 /* Debug */ = {
			isa = XCBuildConfiguration;
			buildSettings = {
				ASSETCATALOG_COMPILER_APPICON_NAME = AppIcon;
				CODE_SIGN_STYLE = Automatic;
				DEVELOPMENT_TEAM = TXRBZV7C7B;
				INFOPLIST_FILE = "$(SRCROOT)/Drop-down Cells/Resources/Info.plist";
				LD_RUNPATH_SEARCH_PATHS = (
					"$(inherited)",
					"@executable_path/Frameworks",
				);
				PRODUCT_BUNDLE_IDENTIFIER = "TopCode.Drop-down-Cells";
				PRODUCT_NAME = "$(TARGET_NAME)";
				SWIFT_VERSION = 4.0;
				TARGETED_DEVICE_FAMILY = "1,2";
			};
			name = Debug;
		};
		08AEEA5F20B7AFAF00008006 /* Release */ = {
			isa = XCBuildConfiguration;
			buildSettings = {
				ASSETCATALOG_COMPILER_APPICON_NAME = AppIcon;
				CODE_SIGN_STYLE = Automatic;
				DEVELOPMENT_TEAM = TXRBZV7C7B;
				INFOPLIST_FILE = "$(SRCROOT)/Drop-down Cells/Resources/Info.plist";
				LD_RUNPATH_SEARCH_PATHS = (
					"$(inherited)",
					"@executable_path/Frameworks",
				);
				PRODUCT_BUNDLE_IDENTIFIER = "TopCode.Drop-down-Cells";
				PRODUCT_NAME = "$(TARGET_NAME)";
				SWIFT_VERSION = 4.0;
				TARGETED_DEVICE_FAMILY = "1,2";
			};
			name = Release;
		};
/* End XCBuildConfiguration section */

/* Begin XCConfigurationList section */
		08AEEA4620B7AFAD00008006 /* Build configuration list for PBXProject "Drop-down Cells" */ = {
			isa = XCConfigurationList;
			buildConfigurations = (
				08AEEA5B20B7AFAF00008006 /* Debug */,
				08AEEA5C20B7AFAF00008006 /* Release */,
			);
			defaultConfigurationIsVisible = 0;
			defaultConfigurationName = Release;
		};
		08AEEA5D20B7AFAF00008006 /* Build configuration list for PBXNativeTarget "Drop-down Cells" */ = {
			isa = XCConfigurationList;
			buildConfigurations = (
				08AEEA5E20B7AFAF00008006 /* Debug */,
				08AEEA5F20B7AFAF00008006 /* Release */,
			);
			defaultConfigurationIsVisible = 0;
			defaultConfigurationName = Release;
		};
/* End XCConfigurationList section */
	};
	rootObject = 08AEEA4320B7AFAD00008006 /* Project object */;
}
